// !$*UTF8*$!
{
	archiveVersion = 1;
	classes = {
	};
	objectVersion = 55;
	objects = {

/* Begin PBXBuildFile section */
		382E5D862848EF2E006A3273 /* MyAssetsApp.swift in Sources */ = {isa = PBXBuildFile; fileRef = 382E5D852848EF2E006A3273 /* MyAssetsApp.swift */; };
		382E5D882848EF2E006A3273 /* ContentView.swift in Sources */ = {isa = PBXBuildFile; fileRef = 382E5D872848EF2E006A3273 /* ContentView.swift */; };
		382E5D8A2848EF30006A3273 /* Assets.xcassets in Resources */ = {isa = PBXBuildFile; fileRef = 382E5D892848EF30006A3273 /* Assets.xcassets */; };
		382E5D8D2848EF30006A3273 /* Preview Assets.xcassets in Resources */ = {isa = PBXBuildFile; fileRef = 382E5D8C2848EF30006A3273 /* Preview Assets.xcassets */; };
		383836E328521B0000FC3200 /* AssetBanner.swift in Sources */ = {isa = PBXBuildFile; fileRef = 383836E228521B0000FC3200 /* AssetBanner.swift */; };
		383836E928521BE900FC3200 /* BannerCard.swift in Sources */ = {isa = PBXBuildFile; fileRef = 383836E828521BE900FC3200 /* BannerCard.swift */; };
		383836EB28521D0800FC3200 /* PageViewController.swift in Sources */ = {isa = PBXBuildFile; fileRef = 383836EA28521D0800FC3200 /* PageViewController.swift */; };
		383836ED285225CE00FC3200 /* PageControl.swift in Sources */ = {isa = PBXBuildFile; fileRef = 383836EC285225CE00FC3200 /* PageControl.swift */; };
		383836EF2852274700FC3200 /* AssetBanerView.swift in Sources */ = {isa = PBXBuildFile; fileRef = 383836EE2852274700FC3200 /* AssetBanerView.swift */; };
		388BC61928560DBD006370A3 /* assets.json in Resources */ = {isa = PBXBuildFile; fileRef = 388BC61828560DBD006370A3 /* assets.json */; };
		388BC61B28560E26006370A3 /* Asset.swift in Sources */ = {isa = PBXBuildFile; fileRef = 388BC61A28560E26006370A3 /* Asset.swift */; };
		388BC61D28560F5A006370A3 /* AssetSummaryData.swift in Sources */ = {isa = PBXBuildFile; fileRef = 388BC61C28560F5A006370A3 /* AssetSummaryData.swift */; };
		388BC61F28561125006370A3 /* AssetSectionHeaderView.swift in Sources */ = {isa = PBXBuildFile; fileRef = 388BC61E28561125006370A3 /* AssetSectionHeaderView.swift */; };
		38E14A32285CB34200087733 /* TapMenuView.swift in Sources */ = {isa = PBXBuildFile; fileRef = 38E14A31285CB34200087733 /* TapMenuView.swift */; };
		38E14A34285CB9B600087733 /* AssetCardSectionView.swift in Sources */ = {isa = PBXBuildFile; fileRef = 38E14A33285CB9B600087733 /* AssetCardSectionView.swift */; };
		38E5B5DE285619D2004107B9 /* AssetSectionView.swift in Sources */ = {isa = PBXBuildFile; fileRef = 38E5B5DD285619D2004107B9 /* AssetSectionView.swift */; };
		38E5B5E028561BE6004107B9 /* AssetSummaryView.swift in Sources */ = {isa = PBXBuildFile; fileRef = 38E5B5DF28561BE6004107B9 /* AssetSummaryView.swift */; };
		38F106FC284E127200B2D81C /* NavigationBarWithButton.swift in Sources */ = {isa = PBXBuildFile; fileRef = 38F106FB284E127200B2D81C /* NavigationBarWithButton.swift */; };
		38F106FE284E167300B2D81C /* AssetMenu.swift in Sources */ = {isa = PBXBuildFile; fileRef = 38F106FD284E167300B2D81C /* AssetMenu.swift */; };
		38F10700284E18B200B2D81C /* AssetMenuButtonStyle.swift in Sources */ = {isa = PBXBuildFile; fileRef = 38F106FF284E18B200B2D81C /* AssetMenuButtonStyle.swift */; };
		38F10702284E1ECF00B2D81C /* AssetMenuGridView.swift in Sources */ = {isa = PBXBuildFile; fileRef = 38F10701284E1ECF00B2D81C /* AssetMenuGridView.swift */; };
		38F10704284E1FAB00B2D81C /* AssetView.swift in Sources */ = {isa = PBXBuildFile; fileRef = 38F10703284E1FAB00B2D81C /* AssetView.swift */; };
/* End PBXBuildFile section */

/* Begin PBXFileReference section */
		382E5D822848EF2E006A3273 /* MyAssets.app */ = {isa = PBXFileReference; explicitFileType = wrapper.application; includeInIndex = 0; path = MyAssets.app; sourceTree = BUILT_PRODUCTS_DIR; };
		382E5D852848EF2E006A3273 /* MyAssetsApp.swift */ = {isa = PBXFileReference; lastKnownFileType = sourcecode.swift; path = MyAssetsApp.swift; sourceTree = "<group>"; };
		382E5D872848EF2E006A3273 /* ContentView.swift */ = {isa = PBXFileReference; lastKnownFileType = sourcecode.swift; path = ContentView.swift; sourceTree = "<group>"; };
		382E5D892848EF30006A3273 /* Assets.xcassets */ = {isa = PBXFileReference; lastKnownFileType = folder.assetcatalog; path = Assets.xcassets; sourceTree = "<group>"; };
		382E5D8C2848EF30006A3273 /* Preview Assets.xcassets */ = {isa = PBXFileReference; lastKnownFileType = folder.assetcatalog; path = "Preview Assets.xcassets"; sourceTree = "<group>"; };
		382E5D932848F133006A3273 /* Info.plist */ = {isa = PBXFileReference; lastKnownFileType = text.plist; path = Info.plist; sourceTree = "<group>"; };
		383836E228521B0000FC3200 /* AssetBanner.swift */ = {isa = PBXFileReference; lastKnownFileType = sourcecode.swift; path = AssetBanner.swift; sourceTree = "<group>"; };
		383836E828521BE900FC3200 /* BannerCard.swift */ = {isa = PBXFileReference; lastKnownFileType = sourcecode.swift; path = BannerCard.swift; sourceTree = "<group>"; };
		383836EA28521D0800FC3200 /* PageViewController.swift */ = {isa = PBXFileReference; lastKnownFileType = sourcecode.swift; path = PageViewController.swift; sourceTree = "<group>"; };
		383836EC285225CE00FC3200 /* PageControl.swift */ = {isa = PBXFileReference; lastKnownFileType = sourcecode.swift; path = PageControl.swift; sourceTree = "<group>"; };
		383836EE2852274700FC3200 /* AssetBanerView.swift */ = {isa = PBXFileReference; lastKnownFileType = sourcecode.swift; path = AssetBanerView.swift; sourceTree = "<group>"; };
		388BC61828560DBD006370A3 /* assets.json */ = {isa = PBXFileReference; fileEncoding = 4; lastKnownFileType = text.json; path = assets.json; sourceTree = "<group>"; };
		388BC61A28560E26006370A3 /* Asset.swift */ = {isa = PBXFileReference; lastKnownFileType = sourcecode.swift; path = Asset.swift; sourceTree = "<group>"; };
		388BC61C28560F5A006370A3 /* AssetSummaryData.swift */ = {isa = PBXFileReference; lastKnownFileType = sourcecode.swift; path = AssetSummaryData.swift; sourceTree = "<group>"; };
		388BC61E28561125006370A3 /* AssetSectionHeaderView.swift */ = {isa = PBXFileReference; lastKnownFileType = sourcecode.swift; path = AssetSectionHeaderView.swift; sourceTree = "<group>"; };
		38E14A31285CB34200087733 /* TapMenuView.swift */ = {isa = PBXFileReference; lastKnownFileType = sourcecode.swift; path = TapMenuView.swift; sourceTree = "<group>"; };
		38E14A33285CB9B600087733 /* AssetCardSectionView.swift */ = {isa = PBXFileReference; lastKnownFileType = sourcecode.swift; path = AssetCardSectionView.swift; sourceTree = "<group>"; };
		38E5B5DD285619D2004107B9 /* AssetSectionView.swift */ = {isa = PBXFileReference; lastKnownFileType = sourcecode.swift; path = AssetSectionView.swift; sourceTree = "<group>"; };
		38E5B5DF28561BE6004107B9 /* AssetSummaryView.swift */ = {isa = PBXFileReference; lastKnownFileType = sourcecode.swift; path = AssetSummaryView.swift; sourceTree = "<group>"; };
		38F106FB284E127200B2D81C /* NavigationBarWithButton.swift */ = {isa = PBXFileReference; lastKnownFileType = sourcecode.swift; path = NavigationBarWithButton.swift; sourceTree = "<group>"; };
		38F106FD284E167300B2D81C /* AssetMenu.swift */ = {isa = PBXFileReference; lastKnownFileType = sourcecode.swift; path = AssetMenu.swift; sourceTree = "<group>"; };
		38F106FF284E18B200B2D81C /* AssetMenuButtonStyle.swift */ = {isa = PBXFileReference; lastKnownFileType = sourcecode.swift; path = AssetMenuButtonStyle.swift; sourceTree = "<group>"; };
		38F10701284E1ECF00B2D81C /* AssetMenuGridView.swift */ = {isa = PBXFileReference; lastKnownFileType = sourcecode.swift; path = AssetMenuGridView.swift; sourceTree = "<group>"; };
		38F10703284E1FAB00B2D81C /* AssetView.swift */ = {isa = PBXFileReference; lastKnownFileType = sourcecode.swift; path = AssetView.swift; sourceTree = "<group>"; };
/* End PBXFileReference section */

/* Begin PBXFrameworksBuildPhase section */
		382E5D7F2848EF2E006A3273 /* Frameworks */ = {
			isa = PBXFrameworksBuildPhase;
			buildActionMask = 2147483647;
			files = (
			);
			runOnlyForDeploymentPostprocessing = 0;
		};
/* End PBXFrameworksBuildPhase section */

/* Begin PBXGroup section */
		382E5D792848EF2E006A3273 = {
			isa = PBXGroup;
			children = (
				382E5D842848EF2E006A3273 /* MyAssets */,
				382E5D832848EF2E006A3273 /* Products */,
			);
			sourceTree = "<group>";
		};
		382E5D832848EF2E006A3273 /* Products */ = {
			isa = PBXGroup;
			children = (
				382E5D822848EF2E006A3273 /* MyAssets.app */,
			);
			name = Products;
			sourceTree = "<group>";
		};
		382E5D842848EF2E006A3273 /* MyAssets */ = {
			isa = PBXGroup;
			children = (
				382E5D932848F133006A3273 /* Info.plist */,
				382E5D852848EF2E006A3273 /* MyAssetsApp.swift */,
				382E5D872848EF2E006A3273 /* ContentView.swift */,
				38F106FB284E127200B2D81C /* NavigationBarWithButton.swift */,
				38F10703284E1FAB00B2D81C /* AssetView.swift */,
				383836E428521B0C00FC3200 /* Entities */,
				383836E728521B7D00FC3200 /* AssetMenu */,
				38E5B5E128561E81004107B9 /* AssetSummaryView */,
				383836F02852275700FC3200 /* AssetBannerView */,
				382E5D892848EF30006A3273 /* Assets.xcassets */,
				388BC61828560DBD006370A3 /* assets.json */,
				382E5D8B2848EF30006A3273 /* Preview Content */,
			);
			path = MyAssets;
			sourceTree = "<group>";
		};
		382E5D8B2848EF30006A3273 /* Preview Content */ = {
			isa = PBXGroup;
			children = (
				382E5D8C2848EF30006A3273 /* Preview Assets.xcassets */,
			);
			path = "Preview Content";
			sourceTree = "<group>";
		};
		383836E428521B0C00FC3200 /* Entities */ = {
			isa = PBXGroup;
			children = (
				38F106FD284E167300B2D81C /* AssetMenu.swift */,
				383836E228521B0000FC3200 /* AssetBanner.swift */,
				388BC61A28560E26006370A3 /* Asset.swift */,
			);
			path = Entities;
			sourceTree = "<group>";
		};
		383836E728521B7D00FC3200 /* AssetMenu */ = {
			isa = PBXGroup;
			children = (
				38F106FF284E18B200B2D81C /* AssetMenuButtonStyle.swift */,
				38F10701284E1ECF00B2D81C /* AssetMenuGridView.swift */,
			);
			path = AssetMenu;
			sourceTree = "<group>";
		};
		383836F02852275700FC3200 /* AssetBannerView */ = {
			isa = PBXGroup;
			children = (
				383836E828521BE900FC3200 /* BannerCard.swift */,
				383836EA28521D0800FC3200 /* PageViewController.swift */,
				383836EC285225CE00FC3200 /* PageControl.swift */,
				383836EE2852274700FC3200 /* AssetBanerView.swift */,
			);
			path = AssetBannerView;
			sourceTree = "<group>";
		};
		38E5B5E128561E81004107B9 /* AssetSummaryView */ = {
			isa = PBXGroup;
			children = (
				388BC61E28561125006370A3 /* AssetSectionHeaderView.swift */,
				38E5B5DD285619D2004107B9 /* AssetSectionView.swift */,
				38E5B5DF28561BE6004107B9 /* AssetSummaryView.swift */,
				388BC61C28560F5A006370A3 /* AssetSummaryData.swift */,
				38E14A31285CB34200087733 /* TapMenuView.swift */,
				38E14A33285CB9B600087733 /* AssetCardSectionView.swift */,
			);
			path = AssetSummaryView;
			sourceTree = "<group>";
		};
/* End PBXGroup section */

/* Begin PBXNativeTarget section */
		382E5D812848EF2E006A3273 /* MyAssets */ = {
			isa = PBXNativeTarget;
			buildConfigurationList = 382E5D902848EF30006A3273 /* Build configuration list for PBXNativeTarget "MyAssets" */;
			buildPhases = (
				382E5D7E2848EF2E006A3273 /* Sources */,
				382E5D7F2848EF2E006A3273 /* Frameworks */,
				382E5D802848EF2E006A3273 /* Resources */,
			);
			buildRules = (
			);
			dependencies = (
			);
			name = MyAssets;
			productName = MyAssets;
			productReference = 382E5D822848EF2E006A3273 /* MyAssets.app */;
			productType = "com.apple.product-type.application";
		};
/* End PBXNativeTarget section */

/* Begin PBXProject section */
		382E5D7A2848EF2E006A3273 /* Project object */ = {
			isa = PBXProject;
			attributes = {
				BuildIndependentTargetsInParallel = 1;
				LastSwiftUpdateCheck = 1340;
				LastUpgradeCheck = 1340;
				TargetAttributes = {
					382E5D812848EF2E006A3273 = {
						CreatedOnToolsVersion = 13.4;
					};
				};
			};
			buildConfigurationList = 382E5D7D2848EF2E006A3273 /* Build configuration list for PBXProject "MyAssets" */;
			compatibilityVersion = "Xcode 13.0";
			developmentRegion = en;
			hasScannedForEncodings = 0;
			knownRegions = (
				en,
				Base,
			);
			mainGroup = 382E5D792848EF2E006A3273;
			productRefGroup = 382E5D832848EF2E006A3273 /* Products */;
			projectDirPath = "";
			projectRoot = "";
			targets = (
				382E5D812848EF2E006A3273 /* MyAssets */,
			);
		};
/* End PBXProject section */

/* Begin PBXResourcesBuildPhase section */
		382E5D802848EF2E006A3273 /* Resources */ = {
			isa = PBXResourcesBuildPhase;
			buildActionMask = 2147483647;
			files = (
				388BC61928560DBD006370A3 /* assets.json in Resources */,
				382E5D8D2848EF30006A3273 /* Preview Assets.xcassets in Resources */,
				382E5D8A2848EF30006A3273 /* Assets.xcassets in Resources */,
			);
			runOnlyForDeploymentPostprocessing = 0;
		};
/* End PBXResourcesBuildPhase section */

/* Begin PBXSourcesBuildPhase section */
		382E5D7E2848EF2E006A3273 /* Sources */ = {
			isa = PBXSourcesBuildPhase;
			buildActionMask = 2147483647;
			files = (
				38F10702284E1ECF00B2D81C /* AssetMenuGridView.swift in Sources */,
				388BC61B28560E26006370A3 /* Asset.swift in Sources */,
				383836EB28521D0800FC3200 /* PageViewController.swift in Sources */,
				388BC61D28560F5A006370A3 /* AssetSummaryData.swift in Sources */,
				388BC61F28561125006370A3 /* AssetSectionHeaderView.swift in Sources */,
				383836EF2852274700FC3200 /* AssetBanerView.swift in Sources */,
				38E5B5E028561BE6004107B9 /* AssetSummaryView.swift in Sources */,
				38F106FC284E127200B2D81C /* NavigationBarWithButton.swift in Sources */,
				383836E328521B0000FC3200 /* AssetBanner.swift in Sources */,
				38F10704284E1FAB00B2D81C /* AssetView.swift in Sources */,
				382E5D882848EF2E006A3273 /* ContentView.swift in Sources */,
				382E5D862848EF2E006A3273 /* MyAssetsApp.swift in Sources */,
				38F106FE284E167300B2D81C /* AssetMenu.swift in Sources */,
				38E14A32285CB34200087733 /* TapMenuView.swift in Sources */,
				38E5B5DE285619D2004107B9 /* AssetSectionView.swift in Sources */,
				383836ED285225CE00FC3200 /* PageControl.swift in Sources */,
				38E14A34285CB9B600087733 /* AssetCardSectionView.swift in Sources */,
				383836E928521BE900FC3200 /* BannerCard.swift in Sources */,
				38F10700284E18B200B2D81C /* AssetMenuButtonStyle.swift in Sources */,
			);
			runOnlyForDeploymentPostprocessing = 0;
		};
/* End PBXSourcesBuildPhase section */

/* Begin XCBuildConfiguration section */
		382E5D8E2848EF30006A3273 /* Debug */ = {
			isa = XCBuildConfiguration;
			buildSettings = {
				ALWAYS_SEARCH_USER_PATHS = NO;
				CLANG_ANALYZER_NONNULL = YES;
				CLANG_ANALYZER_NUMBER_OBJECT_CONVERSION = YES_AGGRESSIVE;
				CLANG_CXX_LANGUAGE_STANDARD = "gnu++17";
				CLANG_ENABLE_MODULES = YES;
				CLANG_ENABLE_OBJC_ARC = YES;
				CLANG_ENABLE_OBJC_WEAK = YES;
				CLANG_WARN_BLOCK_CAPTURE_AUTORELEASING = YES;
				CLANG_WARN_BOOL_CONVERSION = YES;
				CLANG_WARN_COMMA = YES;
				CLANG_WARN_CONSTANT_CONVERSION = YES;
				CLANG_WARN_DEPRECATED_OBJC_IMPLEMENTATIONS = YES;
				CLANG_WARN_DIRECT_OBJC_ISA_USAGE = YES_ERROR;
				CLANG_WARN_DOCUMENTATION_COMMENTS = YES;
				CLANG_WARN_EMPTY_BODY = YES;
				CLANG_WARN_ENUM_CONVERSION = YES;
				CLANG_WARN_INFINITE_RECURSION = YES;
				CLANG_WARN_INT_CONVERSION = YES;
				CLANG_WARN_NON_LITERAL_NULL_CONVERSION = YES;
				CLANG_WARN_OBJC_IMPLICIT_RETAIN_SELF = YES;
				CLANG_WARN_OBJC_LITERAL_CONVERSION = YES;
				CLANG_WARN_OBJC_ROOT_CLASS = YES_ERROR;
				CLANG_WARN_QUOTED_INCLUDE_IN_FRAMEWORK_HEADER = YES;
				CLANG_WARN_RANGE_LOOP_ANALYSIS = YES;
				CLANG_WARN_STRICT_PROTOTYPES = YES;
				CLANG_WARN_SUSPICIOUS_MOVE = YES;
				CLANG_WARN_UNGUARDED_AVAILABILITY = YES_AGGRESSIVE;
				CLANG_WARN_UNREACHABLE_CODE = YES;
				CLANG_WARN__DUPLICATE_METHOD_MATCH = YES;
				COPY_PHASE_STRIP = NO;
				DEBUG_INFORMATION_FORMAT = dwarf;
				ENABLE_STRICT_OBJC_MSGSEND = YES;
				ENABLE_TESTABILITY = YES;
				GCC_C_LANGUAGE_STANDARD = gnu11;
				GCC_DYNAMIC_NO_PIC = NO;
				GCC_NO_COMMON_BLOCKS = YES;
				GCC_OPTIMIZATION_LEVEL = 0;
				GCC_PREPROCESSOR_DEFINITIONS = (
					"DEBUG=1",
					"$(inherited)",
				);
				GCC_WARN_64_TO_32_BIT_CONVERSION = YES;
				GCC_WARN_ABOUT_RETURN_TYPE = YES_ERROR;
				GCC_WARN_UNDECLARED_SELECTOR = YES;
				GCC_WARN_UNINITIALIZED_AUTOS = YES_AGGRESSIVE;
				GCC_WARN_UNUSED_FUNCTION = YES;
				GCC_WARN_UNUSED_VARIABLE = YES;
				IPHONEOS_DEPLOYMENT_TARGET = 15.5;
				MTL_ENABLE_DEBUG_INFO = INCLUDE_SOURCE;
				MTL_FAST_MATH = YES;
				ONLY_ACTIVE_ARCH = YES;
				SDKROOT = iphoneos;
				SWIFT_ACTIVE_COMPILATION_CONDITIONS = DEBUG;
				SWIFT_OPTIMIZATION_LEVEL = "-Onone";
			};
			name = Debug;
		};
		382E5D8F2848EF30006A3273 /* Release */ = {
			isa = XCBuildConfiguration;
			buildSettings = {
				ALWAYS_SEARCH_USER_PATHS = NO;
				CLANG_ANALYZER_NONNULL = YES;
				CLANG_ANALYZER_NUMBER_OBJECT_CONVERSION = YES_AGGRESSIVE;
				CLANG_CXX_LANGUAGE_STANDARD = "gnu++17";
				CLANG_ENABLE_MODULES = YES;
				CLANG_ENABLE_OBJC_ARC = YES;
				CLANG_ENABLE_OBJC_WEAK = YES;
				CLANG_WARN_BLOCK_CAPTURE_AUTORELEASING = YES;
				CLANG_WARN_BOOL_CONVERSION = YES;
				CLANG_WARN_COMMA = YES;
				CLANG_WARN_CONSTANT_CONVERSION = YES;
				CLANG_WARN_DEPRECATED_OBJC_IMPLEMENTATIONS = YES;
				CLANG_WARN_DIRECT_OBJC_ISA_USAGE = YES_ERROR;
				CLANG_WARN_DOCUMENTATION_COMMENTS = YES;
				CLANG_WARN_EMPTY_BODY = YES;
				CLANG_WARN_ENUM_CONVERSION = YES;
				CLANG_WARN_INFINITE_RECURSION = YES;
				CLANG_WARN_INT_CONVERSION = YES;
				CLANG_WARN_NON_LITERAL_NULL_CONVERSION = YES;
				CLANG_WARN_OBJC_IMPLICIT_RETAIN_SELF = YES;
				CLANG_WARN_OBJC_LITERAL_CONVERSION = YES;
				CLANG_WARN_OBJC_ROOT_CLASS = YES_ERROR;
				CLANG_WARN_QUOTED_INCLUDE_IN_FRAMEWORK_HEADER = YES;
				CLANG_WARN_RANGE_LOOP_ANALYSIS = YES;
				CLANG_WARN_STRICT_PROTOTYPES = YES;
				CLANG_WARN_SUSPICIOUS_MOVE = YES;
				CLANG_WARN_UNGUARDED_AVAILABILITY = YES_AGGRESSIVE;
				CLANG_WARN_UNREACHABLE_CODE = YES;
				CLANG_WARN__DUPLICATE_METHOD_MATCH = YES;
				COPY_PHASE_STRIP = NO;
				DEBUG_INFORMATION_FORMAT = "dwarf-with-dsym";
				ENABLE_NS_ASSERTIONS = NO;
				ENABLE_STRICT_OBJC_MSGSEND = YES;
				GCC_C_LANGUAGE_STANDARD = gnu11;
				GCC_NO_COMMON_BLOCKS = YES;
				GCC_WARN_64_TO_32_BIT_CONVERSION = YES;
				GCC_WARN_ABOUT_RETURN_TYPE = YES_ERROR;
				GCC_WARN_UNDECLARED_SELECTOR = YES;
				GCC_WARN_UNINITIALIZED_AUTOS = YES_AGGRESSIVE;
				GCC_WARN_UNUSED_FUNCTION = YES;
				GCC_WARN_UNUSED_VARIABLE = YES;
				IPHONEOS_DEPLOYMENT_TARGET = 15.5;
				MTL_ENABLE_DEBUG_INFO = NO;
				MTL_FAST_MATH = YES;
				SDKROOT = iphoneos;
				SWIFT_COMPILATION_MODE = wholemodule;
				SWIFT_OPTIMIZATION_LEVEL = "-O";
				VALIDATE_PRODUCT = YES;
			};
			name = Release;
		};
		382E5D912848EF30006A3273 /* Debug */ = {
			isa = XCBuildConfiguration;
			buildSettings = {
				ASSETCATALOG_COMPILER_APPICON_NAME = AppIcon;
				ASSETCATALOG_COMPILER_GLOBAL_ACCENT_COLOR_NAME = AccentColor;
				CODE_SIGN_STYLE = Automatic;
				CURRENT_PROJECT_VERSION = 1;
				DEVELOPMENT_ASSET_PATHS = "\"MyAssets/Preview Content\"";
				DEVELOPMENT_TEAM = 85497UUDUF;
				ENABLE_PREVIEWS = YES;
				GENERATE_INFOPLIST_FILE = YES;
				INFOPLIST_FILE = MyAssets/Info.plist;
				INFOPLIST_KEY_UIApplicationSceneManifest_Generation = YES;
				INFOPLIST_KEY_UIApplicationSupportsIndirectInputEvents = YES;
				INFOPLIST_KEY_UILaunchScreen_Generation = YES;
				INFOPLIST_KEY_UISupportedInterfaceOrientations_iPad = "UIInterfaceOrientationPortrait UIInterfaceOrientationPortraitUpsideDown UIInterfaceOrientationLandscapeLeft UIInterfaceOrientationLandscapeRight";
				INFOPLIST_KEY_UISupportedInterfaceOrientations_iPhone = "UIInterfaceOrientationPortrait UIInterfaceOrientationLandscapeLeft UIInterfaceOrientationLandscapeRight";
				INFOPLIST_KEY_UIUserInterfaceStyle = Light;
				LD_RUNPATH_SEARCH_PATHS = (
					"$(inherited)",
					"@executable_path/Frameworks",
				);
				MARKETING_VERSION = 1.0;
				PRODUCT_BUNDLE_IDENTIFIER = koo.MyAssets;
				PRODUCT_NAME = "$(TARGET_NAME)";
				SWIFT_EMIT_LOC_STRINGS = YES;
				SWIFT_VERSION = 5.0;
				TARGETED_DEVICE_FAMILY = "1,2";
			};
			name = Debug;
		};
		382E5D922848EF30006A3273 /* Release */ = {
			isa = XCBuildConfiguration;
			buildSettings = {
				ASSETCATALOG_COMPILER_APPICON_NAME = AppIcon;
				ASSETCATALOG_COMPILER_GLOBAL_ACCENT_COLOR_NAME = AccentColor;
				CODE_SIGN_STYLE = Automatic;
				CURRENT_PROJECT_VERSION = 1;
				DEVELOPMENT_ASSET_PATHS = "\"MyAssets/Preview Content\"";
				DEVELOPMENT_TEAM = 85497UUDUF;
				ENABLE_PREVIEWS = YES;
				GENERATE_INFOPLIST_FILE = YES;
				INFOPLIST_FILE = MyAssets/Info.plist;
				INFOPLIST_KEY_UIApplicationSceneManifest_Generation = YES;
				INFOPLIST_KEY_UIApplicationSupportsIndirectInputEvents = YES;
				INFOPLIST_KEY_UILaunchScreen_Generation = YES;
				INFOPLIST_KEY_UISupportedInterfaceOrientations_iPad = "UIInterfaceOrientationPortrait UIInterfaceOrientationPortraitUpsideDown UIInterfaceOrientationLandscapeLeft UIInterfaceOrientationLandscapeRight";
				INFOPLIST_KEY_UISupportedInterfaceOrientations_iPhone = "UIInterfaceOrientationPortrait UIInterfaceOrientationLandscapeLeft UIInterfaceOrientationLandscapeRight";
				INFOPLIST_KEY_UIUserInterfaceStyle = Light;
				LD_RUNPATH_SEARCH_PATHS = (
					"$(inherited)",
					"@executable_path/Frameworks",
				);
				MARKETING_VERSION = 1.0;
				PRODUCT_BUNDLE_IDENTIFIER = koo.MyAssets;
				PRODUCT_NAME = "$(TARGET_NAME)";
				SWIFT_EMIT_LOC_STRINGS = YES;
				SWIFT_VERSION = 5.0;
				TARGETED_DEVICE_FAMILY = "1,2";
			};
			name = Release;
		};
/* End XCBuildConfiguration section */

/* Begin XCConfigurationList section */
		382E5D7D2848EF2E006A3273 /* Build configuration list for PBXProject "MyAssets" */ = {
			isa = XCConfigurationList;
			buildConfigurations = (
				382E5D8E2848EF30006A3273 /* Debug */,
				382E5D8F2848EF30006A3273 /* Release */,
			);
			defaultConfigurationIsVisible = 0;
			defaultConfigurationName = Release;
		};
		382E5D902848EF30006A3273 /* Build configuration list for PBXNativeTarget "MyAssets" */ = {
			isa = XCConfigurationList;
			buildConfigurations = (
				382E5D912848EF30006A3273 /* Debug */,
				382E5D922848EF30006A3273 /* Release */,
			);
			defaultConfigurationIsVisible = 0;
			defaultConfigurationName = Release;
		};
/* End XCConfigurationList section */
	};
	rootObject = 382E5D7A2848EF2E006A3273 /* Project object */;
}
